
Microsoft Visual Studio Solution File, Format Version 12.00
# Visual Studio Version 17
VisualStudioVersion = 17.3.32804.467
MinimumVisualStudioVersion = 10.0.40219.1
Project("{9A19103F-16F7-4668-BE54-9A1E7A4F7556}") = "libymtr", "libymtr\libymtr.csproj", "{092F3042-0EEE-4448-B66E-E51F7A65CF4F}"
EndProject
Project("{2150E333-8FDC-42A3-9474-1A3956D46DE8}") = "Solution Items", "Solution Items", "{B58BCDF9-1C8C-46E2-B469-B8D9299AB044}"
	ProjectSection(SolutionItems) = preProject
		.editorconfig = .editorconfig
	EndProjectSection
EndProject
Project("{FAE04EC0-301F-11D3-BF4B-00C04F79EFBC}") = "doc", "doc\doc.csproj", "{11935008-6F1C-471B-8384-6A6B5BD94E80}"
EndProject
Global
	GlobalSection(SolutionConfigurationPlatforms) = preSolution
		Debug|Any CPU = Debug|Any CPU
		Release|Any CPU = Release|Any CPU
	EndGlobalSection
	GlobalSection(ProjectConfigurationPlatforms) = postSolution
		{092F3042-0EEE-4448-B66E-E51F7A65CF4F}.Debug|Any CPU.ActiveCfg = Debug|Any CPU
		{092F3042-0EEE-4448-B66E-E51F7A65CF4F}.Debug|Any CPU.Build.0 = Debug|Any CPU
		{092F3042-0EEE-4448-B66E-E51F7A65CF4F}.Release|Any CPU.ActiveCfg = Release|Any CPU
		{092F3042-0EEE-4448-B66E-E51F7A65CF4F}.Release|Any CPU.Build.0 = Release|Any CPU
		{11935008-6F1C-471B-8384-6A6B5BD94E80}.Debug|Any CPU.ActiveCfg = Debug|Any CPU
		{11935008-6F1C-471B-8384-6A6B5BD94E80}.Debug|Any CPU.Build.0 = Debug|Any CPU
		{11935008-6F1C-471B-8384-6A6B5BD94E80}.Release|Any CPU.ActiveCfg = Release|Any CPU
		{11935008-6F1C-471B-8384-6A6B5BD94E80}.Release|Any CPU.Build.0 = Release|Any CPU
	EndGlobalSection
	GlobalSection(SolutionProperties) = preSolution
		HideSolutionNode = FALSE
	EndGlobalSection
	GlobalSection(ExtensibilityGlobals) = postSolution
		SolutionGuid = {07D5F3F2-C257-4280-B9C2-43B7EB93F7A7}
	EndGlobalSection
EndGlobal
